lockfileVersion: '9.0'

settings:
  autoInstallPeers: true
  excludeLinksFromLockfile: false

importers:

  .:
    dependencies:
      '@chittyfoundation/hookify':
        specifier: github:chittyfoundation/chittyops#main
        version: '@chittyfoundation/ops@git+https://git@github.com:chittyfoundation/chittyops.git#6557c51c2701c934f7f49b9db69547c3ed6daff1'
      '@chittyfoundation/territories':
        specifier: github:chittyfoundation/chittyops#main
        version: '@chittyfoundation/ops@git+https://git@github.com:chittyfoundation/chittyops.git#6557c51c2701c934f7f49b9db69547c3ed6daff1'
      js-yaml:
        specifier: ^5.2.0
        version: 5.2.0

packages:

  '@chittyfoundation/ops@git+https://git@github.com:chittyfoundation/chittyops.git#6557c51c2701c934f7f49b9db69547c3ed6daff1':
    resolution: {commit: 6557c51c2701c934f7f49b9db69547c3ed6daff1, repo: git@github.com:chittyfoundation/chittyops.git, type: git}
    version: 1.0.0

  argparse@2.0.1:
    resolution: {integrity: sha512-8+9WqebbFzpX9OR+Wa6O29asIogeRMzcGtAINdpMHHyAg10f05aSFVBbcEqGf/PXw1EjAZ+q2/bEBg3DvurK3Q==}

  js-yaml@5.2.0:
    resolution: {integrity: sha512-YeLUMlvR4Ou1B119LIaM0r65JvbOBooJDc9yEu0dClb/uSC5P4FrLU8OCCz/HXWvtPoIrR0dRzABTjo1sTN9Bw==}
    hasBin: true

snapshots:

  '@chittyfoundation/ops@git+https://git@github.com:chittyfoundation/chittyops.git#6557c51c2701c934f7f49b9db69547c3ed6daff1': {}

  argparse@2.0.1: {}

  js-yaml@5.2.0:
    dependencies:
      argparse: 2.0.1
